
Microsoft Visual Studio Solution File, Format Version 12.00
# Visual Studio Version 16
VisualStudioVersion = 16.0.29009.5
MinimumVisualStudioVersion = 10.0.40219.1
Project("{FAE04EC0-301F-11D3-BF4B-00C04F79EFBC}") = "Cobalt", "Cobalt\Cobalt.csproj", "{67FE0F7C-B78E-4AF6-80B0-67CD727B066E}"
EndProject
Project("{FAE04EC0-301F-11D3-BF4B-00C04F79EFBC}") = "Cobalt.Tests", "Cobalt.Tests\Cobalt.Tests.csproj", "{2071FCFD-52C1-4A05-AD18-E3BEDAFCC33A}"
EndProject
Project("{FAE04EC0-301F-11D3-BF4B-00C04F79EFBC}") = "Cobalt.ConsoleTestApp", "Cobalt.ConsoleTestApp\Cobalt.ConsoleTestApp.csproj", "{2C9D8288-5A1F-476D-BC5A-7D423AD222C1}"
EndProject
Global
	GlobalSection(SolutionConfigurationPlatforms) = preSolution
		Debug|Any CPU = Debug|Any CPU
		Release|Any CPU = Release|Any CPU
	EndGlobalSection
	GlobalSection(ProjectConfigurationPlatforms) = postSolution
		{67FE0F7C-B78E-4AF6-80B0-67CD727B066E}.Debug|Any CPU.ActiveCfg = Debug|Any CPU
		{67FE0F7C-B78E-4AF6-80B0-67CD727B066E}.Debug|Any CPU.Build.0 = Debug|Any CPU
		{67FE0F7C-B78E-4AF6-80B0-67CD727B066E}.Release|Any CPU.ActiveCfg = Release|Any CPU
		{67FE0F7C-B78E-4AF6-80B0-67CD727B066E}.Release|Any CPU.Build.0 = Release|Any CPU
		{2071FCFD-52C1-4A05-AD18-E3BEDAFCC33A}.Debug|Any CPU.ActiveCfg = Debug|Any CPU
		{2071FCFD-52C1-4A05-AD18-E3BEDAFCC33A}.Debug|Any CPU.Build.0 = Debug|Any CPU
		{2071FCFD-52C1-4A05-AD18-E3BEDAFCC33A}.Release|Any CPU.ActiveCfg = Release|Any CPU
		{2071FCFD-52C1-4A05-AD18-E3BEDAFCC33A}.Release|Any CPU.Build.0 = Release|Any CPU
		{2C9D8288-5A1F-476D-BC5A-7D423AD222C1}.Debug|Any CPU.ActiveCfg = Debug|Any CPU
		{2C9D8288-5A1F-476D-BC5A-7D423AD222C1}.Debug|Any CPU.Build.0 = Debug|Any CPU
		{2C9D8288-5A1F-476D-BC5A-7D423AD222C1}.Release|Any CPU.ActiveCfg = Release|Any CPU
		{2C9D8288-5A1F-476D-BC5A-7D423AD222C1}.Release|Any CPU.Build.0 = Release|Any CPU
	EndGlobalSection
	GlobalSection(SolutionProperties) = preSolution
		HideSolutionNode = FALSE
	EndGlobalSection
	GlobalSection(ExtensibilityGlobals) = postSolution
		SolutionGuid = {CEA20352-7DCD-4E39-9987-A97FD8FCD9CC}
	EndGlobalSection
EndGlobal
